
Microsoft Visual Studio Solution File, Format Version 12.00
# Visual Studio Version 16
VisualStudioVersion = 16.0.29324.140
MinimumVisualStudioVersion = 10.0.40219.1
Project("{9A19103F-16F7-4668-BE54-9A1E7A4F7556}") = "Calculator", "Calculator.csproj", "{3B31836C-9F4D-4C1B-902C-EBC0A521B5A9}"
EndProject
Project("{FAE04EC0-301F-11D3-BF4B-00C04F79EFBC}") = "CalculatorTests", "CalculatorTests\CalculatorTests.csproj", "{36ABF33D-4840-41D9-A930-3C0D95CC71EB}"
EndProject
Global
	GlobalSection(SolutionConfigurationPlatforms) = preSolution
		Debug|Any CPU = Debug|Any CPU
		Release|Any CPU = Release|Any CPU
	EndGlobalSection
	GlobalSection(ProjectConfigurationPlatforms) = postSolution
		{3B31836C-9F4D-4C1B-902C-EBC0A521B5A9}.Debug|Any CPU.ActiveCfg = Debug|Any CPU
		{3B31836C-9F4D-4C1B-902C-EBC0A521B5A9}.Debug|Any CPU.Build.0 = Debug|Any CPU
		{3B31836C-9F4D-4C1B-902C-EBC0A521B5A9}.Release|Any CPU.ActiveCfg = Release|Any CPU
		{3B31836C-9F4D-4C1B-902C-EBC0A521B5A9}.Release|Any CPU.Build.0 = Release|Any CPU
		{36ABF33D-4840-41D9-A930-3C0D95CC71EB}.Debug|Any CPU.ActiveCfg = Debug|Any CPU
		{36ABF33D-4840-41D9-A930-3C0D95CC71EB}.Debug|Any CPU.Build.0 = Debug|Any CPU
		{36ABF33D-4840-41D9-A930-3C0D95CC71EB}.Release|Any CPU.ActiveCfg = Release|Any CPU
		{36ABF33D-4840-41D9-A930-3C0D95CC71EB}.Release|Any CPU.Build.0 = Release|Any CPU
	EndGlobalSection
	GlobalSection(SolutionProperties) = preSolution
		HideSolutionNode = FALSE
	EndGlobalSection
	GlobalSection(ExtensibilityGlobals) = postSolution
		SolutionGuid = {C879AB6D-EA84-4EE4-8C55-52AB2A8C7D6A}
	EndGlobalSection
EndGlobal
